# This file is automatically @generated by Cargo.
# It is not intended for manual editing.
version = 3

[[package]]
name = "coqui-stt"
version = "1.0.2"
source = "registry+https://github.com/rust-lang/crates.io-index"
checksum = "a78a58f31f57ad5f40e57810e49b8dbf1d6f76adec84576f2b8f2c99ba2e27e7"
dependencies = [
 "coqui-stt-sys",
]

[[package]]
name = "coqui-stt-sys"
version = "1.3.1"
source = "registry+https://github.com/rust-lang/crates.io-index"
checksum = "5da24ef557d9caf47ca4c326f0c7de4aaf7f102a836710c2e03cbec0c1519be9"

[[package]]
name = "speech-to-text-chatgpt"
version = "0.1.0"
dependencies = [
 "coqui-stt",
]
